
Microsoft Visual Studio Solution File, Format Version 12.00
# Visual Studio Version 16
VisualStudioVersion = 16.0.28714.193
MinimumVisualStudioVersion = 10.0.40219.1
Project("{FAE04EC0-301F-11D3-BF4B-00C04F79EFBC}") = "AoC.Services", "..\AoC.Api\AoC.Api\AoC.Services.csproj", "{E41E2D6C-146E-4087-AFBC-BBD48ACC0FCD}"
EndProject
Project("{FAE04EC0-301F-11D3-BF4B-00C04F79EFBC}") = "AoC.Interface", "..\AoC.Api\AoC.Interface\AoC.Interface.csproj", "{7B8C719F-D2C9-4B01-B11A-3C5D45E025A9}"
EndProject
Project("{FAE04EC0-301F-11D3-BF4B-00C04F79EFBC}") = "AoC.GameFileManager", "..\AoC.Api\AoC.Map\AoC.GameFileManager.csproj", "{CCFA74B6-84A2-400D-97E2-DE0E25CF281B}"
EndProject
Project("{FAE04EC0-301F-11D3-BF4B-00C04F79EFBC}") = "AoC.Map", "..\AoC.Api\AoC.MapGenerator\AoC.Map.csproj", "{F351622A-0742-45A3-A875-4A228BA91268}"
EndProject
Project("{FAE04EC0-301F-11D3-BF4B-00C04F79EFBC}") = "AoC.Common", "..\AoC.Api\Common\AoC.Common.csproj", "{8B1E1EF0-FB02-4297-B8AA-12EF4C4CA354}"
EndProject
Project("{FAE04EC0-301F-11D3-BF4B-00C04F79EFBC}") = "AoC.Domain", "..\AoC.Api\Domain\AoC.Domain.csproj", "{6A833CE9-BC0D-4E45-83FB-1BCD12B8B9B7}"
EndProject
Project("{9A19103F-16F7-4668-BE54-9A1E7A4F7556}") = "MerovingieAuth", "MerovingieAuth\MerovingieAuth.csproj", "{5240B32A-8062-4BAA-9B31-35C75EDEEECE}"
EndProject
Project("{9A19103F-16F7-4668-BE54-9A1E7A4F7556}") = "AoC.GameManager.Tests", "AoC.GameManager.Tests\AoC.GameManager.Tests.csproj", "{6177D739-8892-48BF-9CDD-F264EA2DEFF3}"
EndProject
Project("{FAE04EC0-301F-11D3-BF4B-00C04F79EFBC}") = "AoC.Domain.Tests", "AoC.Common.Tests\AoC.Domain.Tests.csproj", "{52947EDA-0703-4312-B49E-B6E71429BDB2}"
EndProject
Project("{FAE04EC0-301F-11D3-BF4B-00C04F79EFBC}") = "AoC.Services.Tests", "..\AoC.Api\AoC.Services.Tests\AoC.Services.Tests.csproj", "{6D07EB73-3B94-4C85-8051-D5AC02C69CFD}"
EndProject
Project("{2150E333-8FDC-42A3-9474-1A3956D46DE8}") = "Api", "Api", "{C6E429F6-3551-4971-A749-A522CC9A78C6}"
EndProject
Project("{2150E333-8FDC-42A3-9474-1A3956D46DE8}") = "Client", "Client", "{A2676E3D-EF27-4F6B-B609-8E104EE880AF}"
EndProject
Project("{2150E333-8FDC-42A3-9474-1A3956D46DE8}") = "Common", "Common", "{99D671C0-BC13-4B38-9E17-08037607153F}"
EndProject
Project("{FAE04EC0-301F-11D3-BF4B-00C04F79EFBC}") = "Common.Network", "Common.Network\Common.Network.csproj", "{1925AA38-3525-4937-B00A-FB659291D565}"
EndProject
Project("{2150E333-8FDC-42A3-9474-1A3956D46DE8}") = "DataLayer", "DataLayer", "{B9E7AFC3-CC66-4C4C-A0CB-8E85ABD8408E}"
EndProject
Project("{FAE04EC0-301F-11D3-BF4B-00C04F79EFBC}") = "AoC.DataLayer", "..\DataLayer\AoC.DataLayer\AoC.DataLayer.csproj", "{844C5E79-EA44-45C0-AEB5-D832D86D49B0}"
EndProject
Global
	GlobalSection(SolutionConfigurationPlatforms) = preSolution
		Debug|Any CPU = Debug|Any CPU
		Release|Any CPU = Release|Any CPU
	EndGlobalSection
	GlobalSection(ProjectConfigurationPlatforms) = postSolution
		{E41E2D6C-146E-4087-AFBC-BBD48ACC0FCD}.Debug|Any CPU.ActiveCfg = Debug|Any CPU
		{E41E2D6C-146E-4087-AFBC-BBD48ACC0FCD}.Debug|Any CPU.Build.0 = Debug|Any CPU
		{E41E2D6C-146E-4087-AFBC-BBD48ACC0FCD}.Release|Any CPU.ActiveCfg = Release|Any CPU
		{E41E2D6C-146E-4087-AFBC-BBD48ACC0FCD}.Release|Any CPU.Build.0 = Release|Any CPU
		{7B8C719F-D2C9-4B01-B11A-3C5D45E025A9}.Debug|Any CPU.ActiveCfg = Debug|Any CPU
		{7B8C719F-D2C9-4B01-B11A-3C5D45E025A9}.Release|Any CPU.ActiveCfg = Release|Any CPU
		{7B8C719F-D2C9-4B01-B11A-3C5D45E025A9}.Release|Any CPU.Build.0 = Release|Any CPU
		{CCFA74B6-84A2-400D-97E2-DE0E25CF281B}.Debug|Any CPU.ActiveCfg = Debug|Any CPU
		{CCFA74B6-84A2-400D-97E2-DE0E25CF281B}.Debug|Any CPU.Build.0 = Debug|Any CPU
		{CCFA74B6-84A2-400D-97E2-DE0E25CF281B}.Release|Any CPU.ActiveCfg = Release|Any CPU
		{CCFA74B6-84A2-400D-97E2-DE0E25CF281B}.Release|Any CPU.Build.0 = Release|Any CPU
		{F351622A-0742-45A3-A875-4A228BA91268}.Debug|Any CPU.ActiveCfg = Debug|Any CPU
		{F351622A-0742-45A3-A875-4A228BA91268}.Debug|Any CPU.Build.0 = Debug|Any CPU
		{F351622A-0742-45A3-A875-4A228BA91268}.Release|Any CPU.ActiveCfg = Release|Any CPU
		{F351622A-0742-45A3-A875-4A228BA91268}.Release|Any CPU.Build.0 = Release|Any CPU
		{8B1E1EF0-FB02-4297-B8AA-12EF4C4CA354}.Debug|Any CPU.ActiveCfg = Debug|Any CPU
		{8B1E1EF0-FB02-4297-B8AA-12EF4C4CA354}.Debug|Any CPU.Build.0 = Debug|Any CPU
		{8B1E1EF0-FB02-4297-B8AA-12EF4C4CA354}.Release|Any CPU.ActiveCfg = Release|Any CPU
		{8B1E1EF0-FB02-4297-B8AA-12EF4C4CA354}.Release|Any CPU.Build.0 = Release|Any CPU
		{6A833CE9-BC0D-4E45-83FB-1BCD12B8B9B7}.Debug|Any CPU.ActiveCfg = Debug|Any CPU
		{6A833CE9-BC0D-4E45-83FB-1BCD12B8B9B7}.Debug|Any CPU.Build.0 = Debug|Any CPU
		{6A833CE9-BC0D-4E45-83FB-1BCD12B8B9B7}.Release|Any CPU.ActiveCfg = Release|Any CPU
		{6A833CE9-BC0D-4E45-83FB-1BCD12B8B9B7}.Release|Any CPU.Build.0 = Release|Any CPU
		{5240B32A-8062-4BAA-9B31-35C75EDEEECE}.Debug|Any CPU.ActiveCfg = Debug|Any CPU
		{5240B32A-8062-4BAA-9B31-35C75EDEEECE}.Debug|Any CPU.Build.0 = Debug|Any CPU
		{5240B32A-8062-4BAA-9B31-35C75EDEEECE}.Release|Any CPU.ActiveCfg = Release|Any CPU
		{5240B32A-8062-4BAA-9B31-35C75EDEEECE}.Release|Any CPU.Build.0 = Release|Any CPU
		{6177D739-8892-48BF-9CDD-F264EA2DEFF3}.Debug|Any CPU.ActiveCfg = Debug|Any CPU
		{6177D739-8892-48BF-9CDD-F264EA2DEFF3}.Debug|Any CPU.Build.0 = Debug|Any CPU
		{6177D739-8892-48BF-9CDD-F264EA2DEFF3}.Release|Any CPU.ActiveCfg = Release|Any CPU
		{6177D739-8892-48BF-9CDD-F264EA2DEFF3}.Release|Any CPU.Build.0 = Release|Any CPU
		{52947EDA-0703-4312-B49E-B6E71429BDB2}.Debug|Any CPU.ActiveCfg = Debug|Any CPU
		{52947EDA-0703-4312-B49E-B6E71429BDB2}.Debug|Any CPU.Build.0 = Debug|Any CPU
		{52947EDA-0703-4312-B49E-B6E71429BDB2}.Release|Any CPU.ActiveCfg = Release|Any CPU
		{52947EDA-0703-4312-B49E-B6E71429BDB2}.Release|Any CPU.Build.0 = Release|Any CPU
		{6D07EB73-3B94-4C85-8051-D5AC02C69CFD}.Debug|Any CPU.ActiveCfg = Debug|Any CPU
		{6D07EB73-3B94-4C85-8051-D5AC02C69CFD}.Debug|Any CPU.Build.0 = Debug|Any CPU
		{6D07EB73-3B94-4C85-8051-D5AC02C69CFD}.Release|Any CPU.ActiveCfg = Release|Any CPU
		{6D07EB73-3B94-4C85-8051-D5AC02C69CFD}.Release|Any CPU.Build.0 = Release|Any CPU
		{1925AA38-3525-4937-B00A-FB659291D565}.Debug|Any CPU.ActiveCfg = Debug|Any CPU
		{1925AA38-3525-4937-B00A-FB659291D565}.Debug|Any CPU.Build.0 = Debug|Any CPU
		{1925AA38-3525-4937-B00A-FB659291D565}.Release|Any CPU.ActiveCfg = Release|Any CPU
		{1925AA38-3525-4937-B00A-FB659291D565}.Release|Any CPU.Build.0 = Release|Any CPU
		{844C5E79-EA44-45C0-AEB5-D832D86D49B0}.Debug|Any CPU.ActiveCfg = Debug|Any CPU
		{844C5E79-EA44-45C0-AEB5-D832D86D49B0}.Debug|Any CPU.Build.0 = Debug|Any CPU
		{844C5E79-EA44-45C0-AEB5-D832D86D49B0}.Release|Any CPU.ActiveCfg = Release|Any CPU
		{844C5E79-EA44-45C0-AEB5-D832D86D49B0}.Release|Any CPU.Build.0 = Release|Any CPU
	EndGlobalSection
	GlobalSection(SolutionProperties) = preSolution
		HideSolutionNode = FALSE
	EndGlobalSection
	GlobalSection(NestedProjects) = preSolution
		{E41E2D6C-146E-4087-AFBC-BBD48ACC0FCD} = {C6E429F6-3551-4971-A749-A522CC9A78C6}
		{7B8C719F-D2C9-4B01-B11A-3C5D45E025A9} = {A2676E3D-EF27-4F6B-B609-8E104EE880AF}
		{CCFA74B6-84A2-400D-97E2-DE0E25CF281B} = {99D671C0-BC13-4B38-9E17-08037607153F}
		{F351622A-0742-45A3-A875-4A228BA91268} = {99D671C0-BC13-4B38-9E17-08037607153F}
		{8B1E1EF0-FB02-4297-B8AA-12EF4C4CA354} = {99D671C0-BC13-4B38-9E17-08037607153F}
		{6A833CE9-BC0D-4E45-83FB-1BCD12B8B9B7} = {C6E429F6-3551-4971-A749-A522CC9A78C6}
		{5240B32A-8062-4BAA-9B31-35C75EDEEECE} = {A2676E3D-EF27-4F6B-B609-8E104EE880AF}
		{6177D739-8892-48BF-9CDD-F264EA2DEFF3} = {99D671C0-BC13-4B38-9E17-08037607153F}
		{52947EDA-0703-4312-B49E-B6E71429BDB2} = {C6E429F6-3551-4971-A749-A522CC9A78C6}
		{6D07EB73-3B94-4C85-8051-D5AC02C69CFD} = {C6E429F6-3551-4971-A749-A522CC9A78C6}
		{1925AA38-3525-4937-B00A-FB659291D565} = {99D671C0-BC13-4B38-9E17-08037607153F}
		{844C5E79-EA44-45C0-AEB5-D832D86D49B0} = {B9E7AFC3-CC66-4C4C-A0CB-8E85ABD8408E}
	EndGlobalSection
	GlobalSection(ExtensibilityGlobals) = postSolution
		SolutionGuid = {8A320BED-A9B8-473A-B2C1-53445E868A85}
	EndGlobalSection
EndGlobal
