
Microsoft Visual Studio Solution File, Format Version 12.00
# Visual Studio 15
VisualStudioVersion = 15.0.27703.2018
MinimumVisualStudioVersion = 10.0.40219.1
Project("{9A19103F-16F7-4668-BE54-9A1E7A4F7556}") = "Merovingie", "Merovingie\Merovingie.csproj", "{E69B88C1-C313-4B47-A1A4-6DE76E27C6CD}"
EndProject
Project("{FAE04EC0-301F-11D3-BF4B-00C04F79EFBC}") = "AoC.BLL", "..\AoC.Api\AoC.Api\AoC.BLL.csproj", "{E41E2D6C-146E-4087-AFBC-BBD48ACC0FCD}"
EndProject
Project("{FAE04EC0-301F-11D3-BF4B-00C04F79EFBC}") = "AoC.Interface", "..\AoC.Api\AoC.Interface\AoC.Interface.csproj", "{7B8C719F-D2C9-4B01-B11A-3C5D45E025A9}"
EndProject
Project("{FAE04EC0-301F-11D3-BF4B-00C04F79EFBC}") = "AoC.GameManager", "..\AoC.Api\AoC.Map\AoC.GameManager.csproj", "{CCFA74B6-84A2-400D-97E2-DE0E25CF281B}"
EndProject
Project("{FAE04EC0-301F-11D3-BF4B-00C04F79EFBC}") = "AoC.Map", "..\AoC.Api\AoC.MapGenerator\AoC.Map.csproj", "{F351622A-0742-45A3-A875-4A228BA91268}"
EndProject
Project("{FAE04EC0-301F-11D3-BF4B-00C04F79EFBC}") = "AoC.Common", "..\AoC.Api\Common\AoC.Common.csproj", "{8B1E1EF0-FB02-4297-B8AA-12EF4C4CA354}"
EndProject
Project("{FAE04EC0-301F-11D3-BF4B-00C04F79EFBC}") = "AoC.Domain", "..\AoC.Api\Domain\AoC.Domain.csproj", "{6A833CE9-BC0D-4E45-83FB-1BCD12B8B9B7}"
EndProject
Global
	GlobalSection(SolutionConfigurationPlatforms) = preSolution
		Debug|Any CPU = Debug|Any CPU
		Release|Any CPU = Release|Any CPU
	EndGlobalSection
	GlobalSection(ProjectConfigurationPlatforms) = postSolution
		{E69B88C1-C313-4B47-A1A4-6DE76E27C6CD}.Debug|Any CPU.ActiveCfg = Debug|Any CPU
		{E69B88C1-C313-4B47-A1A4-6DE76E27C6CD}.Debug|Any CPU.Build.0 = Debug|Any CPU
		{E69B88C1-C313-4B47-A1A4-6DE76E27C6CD}.Release|Any CPU.ActiveCfg = Release|Any CPU
		{E69B88C1-C313-4B47-A1A4-6DE76E27C6CD}.Release|Any CPU.Build.0 = Release|Any CPU
		{E41E2D6C-146E-4087-AFBC-BBD48ACC0FCD}.Debug|Any CPU.ActiveCfg = Debug|Any CPU
		{E41E2D6C-146E-4087-AFBC-BBD48ACC0FCD}.Debug|Any CPU.Build.0 = Debug|Any CPU
		{E41E2D6C-146E-4087-AFBC-BBD48ACC0FCD}.Release|Any CPU.ActiveCfg = Release|Any CPU
		{E41E2D6C-146E-4087-AFBC-BBD48ACC0FCD}.Release|Any CPU.Build.0 = Release|Any CPU
		{7B8C719F-D2C9-4B01-B11A-3C5D45E025A9}.Debug|Any CPU.ActiveCfg = Debug|Any CPU
		{7B8C719F-D2C9-4B01-B11A-3C5D45E025A9}.Debug|Any CPU.Build.0 = Debug|Any CPU
		{7B8C719F-D2C9-4B01-B11A-3C5D45E025A9}.Release|Any CPU.ActiveCfg = Release|Any CPU
		{7B8C719F-D2C9-4B01-B11A-3C5D45E025A9}.Release|Any CPU.Build.0 = Release|Any CPU
		{CCFA74B6-84A2-400D-97E2-DE0E25CF281B}.Debug|Any CPU.ActiveCfg = Debug|Any CPU
		{CCFA74B6-84A2-400D-97E2-DE0E25CF281B}.Debug|Any CPU.Build.0 = Debug|Any CPU
		{CCFA74B6-84A2-400D-97E2-DE0E25CF281B}.Release|Any CPU.ActiveCfg = Release|Any CPU
		{CCFA74B6-84A2-400D-97E2-DE0E25CF281B}.Release|Any CPU.Build.0 = Release|Any CPU
		{F351622A-0742-45A3-A875-4A228BA91268}.Debug|Any CPU.ActiveCfg = Debug|Any CPU
		{F351622A-0742-45A3-A875-4A228BA91268}.Debug|Any CPU.Build.0 = Debug|Any CPU
		{F351622A-0742-45A3-A875-4A228BA91268}.Release|Any CPU.ActiveCfg = Release|Any CPU
		{F351622A-0742-45A3-A875-4A228BA91268}.Release|Any CPU.Build.0 = Release|Any CPU
		{8B1E1EF0-FB02-4297-B8AA-12EF4C4CA354}.Debug|Any CPU.ActiveCfg = Debug|Any CPU
		{8B1E1EF0-FB02-4297-B8AA-12EF4C4CA354}.Debug|Any CPU.Build.0 = Debug|Any CPU
		{8B1E1EF0-FB02-4297-B8AA-12EF4C4CA354}.Release|Any CPU.ActiveCfg = Release|Any CPU
		{8B1E1EF0-FB02-4297-B8AA-12EF4C4CA354}.Release|Any CPU.Build.0 = Release|Any CPU
		{6A833CE9-BC0D-4E45-83FB-1BCD12B8B9B7}.Debug|Any CPU.ActiveCfg = Debug|Any CPU
		{6A833CE9-BC0D-4E45-83FB-1BCD12B8B9B7}.Debug|Any CPU.Build.0 = Debug|Any CPU
		{6A833CE9-BC0D-4E45-83FB-1BCD12B8B9B7}.Release|Any CPU.ActiveCfg = Release|Any CPU
		{6A833CE9-BC0D-4E45-83FB-1BCD12B8B9B7}.Release|Any CPU.Build.0 = Release|Any CPU
	EndGlobalSection
	GlobalSection(SolutionProperties) = preSolution
		HideSolutionNode = FALSE
	EndGlobalSection
	GlobalSection(ExtensibilityGlobals) = postSolution
		SolutionGuid = {8A320BED-A9B8-473A-B2C1-53445E868A85}
	EndGlobalSection
EndGlobal
