{
  "requires": true,
  "lockfileVersion": 1,
  "dependencies": {
    "@simonwep/pickr": {
      "version": "0.5.1",
      "resolved": "https://registry.npmjs.org/@simonwep/pickr/-/pickr-0.5.1.tgz",
      "integrity": "sha512-5qeyG/zEOygNpObM4Hpjb9VbpUtaW3lTrY9x9xPylcbgZCRkUDHQyOhZmUYxzHrGjWkbAmggopx/MzizHAe2Mg=="
    }
  }
}
